
Microsoft Visual Studio Solution File, Format Version 12.00
# Visual Studio Version 17
VisualStudioVersion = 17.4.33205.214
MinimumVisualStudioVersion = 10.0.40219.1
Project("{FAE04EC0-301F-11D3-BF4B-00C04F79EFBC}") = "SololearnProject", "SololearnProject.csproj", "{82A1817C-9DDD-4CE5-8E06-5088CA9A16F2}"
EndProject
Project("{FAE04EC0-301F-11D3-BF4B-00C04F79EFBC}") = "InheritanceAndPolymorphism", "..\InheritanceAndPolymorphism\InheritanceAndPolymorphism.csproj", "{08BA9936-830D-4D5A-B039-CC7C228FACA1}"
EndProject
Global
	GlobalSection(SolutionConfigurationPlatforms) = preSolution
		Debug|Any CPU = Debug|Any CPU
		Release|Any CPU = Release|Any CPU
	EndGlobalSection
	GlobalSection(ProjectConfigurationPlatforms) = postSolution
		{82A1817C-9DDD-4CE5-8E06-5088CA9A16F2}.Debug|Any CPU.ActiveCfg = Debug|Any CPU
		{82A1817C-9DDD-4CE5-8E06-5088CA9A16F2}.Debug|Any CPU.Build.0 = Debug|Any CPU
		{82A1817C-9DDD-4CE5-8E06-5088CA9A16F2}.Release|Any CPU.ActiveCfg = Release|Any CPU
		{82A1817C-9DDD-4CE5-8E06-5088CA9A16F2}.Release|Any CPU.Build.0 = Release|Any CPU
		{08BA9936-830D-4D5A-B039-CC7C228FACA1}.Debug|Any CPU.ActiveCfg = Debug|Any CPU
		{08BA9936-830D-4D5A-B039-CC7C228FACA1}.Debug|Any CPU.Build.0 = Debug|Any CPU
		{08BA9936-830D-4D5A-B039-CC7C228FACA1}.Release|Any CPU.ActiveCfg = Release|Any CPU
		{08BA9936-830D-4D5A-B039-CC7C228FACA1}.Release|Any CPU.Build.0 = Release|Any CPU
	EndGlobalSection
	GlobalSection(SolutionProperties) = preSolution
		HideSolutionNode = FALSE
	EndGlobalSection
	GlobalSection(ExtensibilityGlobals) = postSolution
		SolutionGuid = {248CA0ED-E84A-4ECC-9D8E-36B8A3EDB50D}
	EndGlobalSection
EndGlobal
